{
  "object": {
    "pins": [
      {
        "package": "IQKeyboardManagerSwift",
        "repositoryURL": "https://github.com/hackiftekhar/IQKeyboardManager",
        "state": {
          "branch": null,
          "revision": "4dc6bc7d1c9747bd0c261c8c055903f9fdef91f7",
          "version": "6.5.6"
        }
      },
      {
        "package": "Kingfisher",
        "repositoryURL": "https://github.com/onevcat/Kingfisher",
        "state": {
          "branch": null,
          "revision": "0be276f6a7fd54af4c3eb03f2d12e12d8c8a1a1d",
          "version": "6.0.1"
        }
      },
      {
        "package": "MBProgressHUD",
        "repositoryURL": "https://github.com/jdg/MBProgressHUD",
        "state": {
          "branch": null,
          "revision": "bca42b801100b2b3a4eda0ba8dd33d858c780b0d",
          "version": "1.2.0"
        }
      },
      {
        "package": "SCLAlertView",
        "repositoryURL": "https://github.com/vikmeup/SCLAlertView-Swift",
        "state": {
          "branch": "master",
          "revision": "f08ec93c299a221210e59462c84c79410050e5b7",
          "version": null
        }
      }
    ]
  },
  "version": 1
}
