// !$*UTF8*$!
{
	archiveVersion = 1;
	classes = {
	};
	objectVersion = 52;
	objects = {

/* Begin PBXBuildFile section */
		AA2D500725C20C0C002B7A94 /* UIViewWithRoundCorners.swift in Sources */ = {isa = PBXBuildFile; fileRef = AA2D500625C20C0C002B7A94 /* UIViewWithRoundCorners.swift */; };
		AA2D500C25C21768002B7A94 /* SCLAlertView in Frameworks */ = {isa = PBXBuildFile; productRef = AA2D500B25C21768002B7A94 /* SCLAlertView */; };
		AA2D501125C21A9D002B7A94 /* MediaTypeCell.swift in Sources */ = {isa = PBXBuildFile; fileRef = AA2D501025C21A9D002B7A94 /* MediaTypeCell.swift */; };
		AAB55A9A25C2FB450054356C /* GenericMultiSelectorVC.swift in Sources */ = {isa = PBXBuildFile; fileRef = AAB55A9925C2FB450054356C /* GenericMultiSelectorVC.swift */; };
		AAB55AB325C321F70054356C /* IQKeyboardManagerSwift in Frameworks */ = {isa = PBXBuildFile; productRef = AAB55AB225C321F70054356C /* IQKeyboardManagerSwift */; };
		AAB55AD525C346850054356C /* ItunesMedia.swift in Sources */ = {isa = PBXBuildFile; fileRef = AAB55AC625C340F30054356C /* ItunesMedia.swift */; };
		AAB55ADA25C34AFD0054356C /* SearchService.swift in Sources */ = {isa = PBXBuildFile; fileRef = AAB55AD925C34AFD0054356C /* SearchService.swift */; };
		AAB55AE125C34B390054356C /* SearchAPIService.swift in Sources */ = {isa = PBXBuildFile; fileRef = AAB55ABE25C340340054356C /* SearchAPIService.swift */; };
		AAB55AE625C34D5A0054356C /* MediaTypeEntity.swift in Sources */ = {isa = PBXBuildFile; fileRef = AAB55AA325C314D20054356C /* MediaTypeEntity.swift */; };
		AAB55AEB25C34F1F0054356C /* SearchFormViewController.swift in Sources */ = {isa = PBXBuildFile; fileRef = AAFF3AC325C19FFE008893B6 /* SearchFormViewController.swift */; };
		AAB55AF425C350270054356C /* SearchFormRouter.swift in Sources */ = {isa = PBXBuildFile; fileRef = AAFF3AC125C19FFE008893B6 /* SearchFormRouter.swift */; };
		AAC637F325C3F5C60058EBE1 /* SearchResponse.swift in Sources */ = {isa = PBXBuildFile; fileRef = AAC637F225C3F5C60058EBE1 /* SearchResponse.swift */; };
		AAC6380125C3FFC90058EBE1 /* SearchFormWorker.swift in Sources */ = {isa = PBXBuildFile; fileRef = AAFF3AC025C19FFE008893B6 /* SearchFormWorker.swift */; };
		AAC6380825C401C30058EBE1 /* Networking in Frameworks */ = {isa = PBXBuildFile; productRef = AAC6380725C401C30058EBE1 /* Networking */; };
		AAC6383925C413A70058EBE1 /* MediaItemsPresenter.swift in Sources */ = {isa = PBXBuildFile; fileRef = AAC6383325C413A70058EBE1 /* MediaItemsPresenter.swift */; };
		AAC6383B25C413A70058EBE1 /* MediaItemsRouter.swift in Sources */ = {isa = PBXBuildFile; fileRef = AAC6383525C413A70058EBE1 /* MediaItemsRouter.swift */; };
		AAC6383C25C413A70058EBE1 /* MediaItemsModels.swift in Sources */ = {isa = PBXBuildFile; fileRef = AAC6383625C413A70058EBE1 /* MediaItemsModels.swift */; };
		AAC6383E25C413A70058EBE1 /* MediaItemsInteractor.swift in Sources */ = {isa = PBXBuildFile; fileRef = AAC6383825C413A70058EBE1 /* MediaItemsInteractor.swift */; };
		AAC6384625C41E870058EBE1 /* MediaItemsViewController.xib in Resources */ = {isa = PBXBuildFile; fileRef = AAC6384525C41E870058EBE1 /* MediaItemsViewController.xib */; };
		AAC6384A25C41F450058EBE1 /* SearchFormViewController.xib in Resources */ = {isa = PBXBuildFile; fileRef = AAC6384925C41F450058EBE1 /* SearchFormViewController.xib */; };
		AAC6385425C4358F0058EBE1 /* MediaTypeCell.xib in Resources */ = {isa = PBXBuildFile; fileRef = AAC6385325C4358F0058EBE1 /* MediaTypeCell.xib */; };
		AAC6386725C43DB60058EBE1 /* GradientUIView.swift in Sources */ = {isa = PBXBuildFile; fileRef = AAC6386625C43DB60058EBE1 /* GradientUIView.swift */; };
		AAC6386C25C43FED0058EBE1 /* MediaItemGridCell.swift in Sources */ = {isa = PBXBuildFile; fileRef = AAC6386A25C43FED0058EBE1 /* MediaItemGridCell.swift */; };
		AAC6386D25C43FED0058EBE1 /* MediaItemGridCell.xib in Resources */ = {isa = PBXBuildFile; fileRef = AAC6386B25C43FED0058EBE1 /* MediaItemGridCell.xib */; };
		AAC6387625C440290058EBE1 /* MediaItemListCell.swift in Sources */ = {isa = PBXBuildFile; fileRef = AAC6387425C440290058EBE1 /* MediaItemListCell.swift */; };
		AAC6387725C440290058EBE1 /* MediaItemListCell.xib in Resources */ = {isa = PBXBuildFile; fileRef = AAC6387525C440290058EBE1 /* MediaItemListCell.xib */; };
		AAC6387B25C443F00058EBE1 /* UIImageViewExtension.swift in Sources */ = {isa = PBXBuildFile; fileRef = AAC6387A25C443F00058EBE1 /* UIImageViewExtension.swift */; };
		AAC6388425C449650058EBE1 /* MediaItemsViewController.swift in Sources */ = {isa = PBXBuildFile; fileRef = AAC6383725C413A70058EBE1 /* MediaItemsViewController.swift */; };
		AAFF39ED25C14A18008893B6 /* AppDelegate.swift in Sources */ = {isa = PBXBuildFile; fileRef = AAFF39EC25C14A18008893B6 /* AppDelegate.swift */; };
		AAFF39EF25C14A18008893B6 /* SceneDelegate.swift in Sources */ = {isa = PBXBuildFile; fileRef = AAFF39EE25C14A18008893B6 /* SceneDelegate.swift */; };
		AAFF39F625C14A19008893B6 /* Assets.xcassets in Resources */ = {isa = PBXBuildFile; fileRef = AAFF39F525C14A19008893B6 /* Assets.xcassets */; };
		AAFF39F925C14A19008893B6 /* LaunchScreen.storyboard in Resources */ = {isa = PBXBuildFile; fileRef = AAFF39F725C14A19008893B6 /* LaunchScreen.storyboard */; };
		AAFF3A0425C14A19008893B6 /* ITunesSearchTests.swift in Sources */ = {isa = PBXBuildFile; fileRef = AAFF3A0325C14A19008893B6 /* ITunesSearchTests.swift */; };
		AAFF3AB625C19976008893B6 /* Kingfisher in Frameworks */ = {isa = PBXBuildFile; productRef = AAFF3AB525C19976008893B6 /* Kingfisher */; };
		AAFF3ABB25C199E3008893B6 /* MBProgressHUD in Frameworks */ = {isa = PBXBuildFile; productRef = AAFF3ABA25C199E3008893B6 /* MBProgressHUD */; };
		AAFF3AC525C19FFE008893B6 /* SearchFormPresenter.swift in Sources */ = {isa = PBXBuildFile; fileRef = AAFF3ABF25C19FFE008893B6 /* SearchFormPresenter.swift */; };
		AAFF3AC825C19FFE008893B6 /* SearchFormModels.swift in Sources */ = {isa = PBXBuildFile; fileRef = AAFF3AC225C19FFE008893B6 /* SearchFormModels.swift */; };
		AAFF3ACA25C19FFE008893B6 /* SearchFormInteractor.swift in Sources */ = {isa = PBXBuildFile; fileRef = AAFF3AC425C19FFE008893B6 /* SearchFormInteractor.swift */; };
		AAFF3AE725C1A90B008893B6 /* TableViewCellExtension.swift in Sources */ = {isa = PBXBuildFile; fileRef = AAFF3AE625C1A90B008893B6 /* TableViewCellExtension.swift */; };
		AAFF3AEB25C1AA2E008893B6 /* CollectionViewCellExtension.swift in Sources */ = {isa = PBXBuildFile; fileRef = AAFF3AEA25C1AA2D008893B6 /* CollectionViewCellExtension.swift */; };
		AAFF3AEF25C1AA47008893B6 /* UIViewExtension.swift in Sources */ = {isa = PBXBuildFile; fileRef = AAFF3AEE25C1AA47008893B6 /* UIViewExtension.swift */; };
		AAFF3AF325C1AA67008893B6 /* NSObjectExtension.swift in Sources */ = {isa = PBXBuildFile; fileRef = AAFF3AF225C1AA67008893B6 /* NSObjectExtension.swift */; };
		AAFF3AFE25C1AD2F008893B6 /* ViewControllerExtension.swift in Sources */ = {isa = PBXBuildFile; fileRef = AAFF3AFD25C1AD2F008893B6 /* ViewControllerExtension.swift */; };
		AAFF3B0525C2040D008893B6 /* UIButtonWithRoundCorners.swift in Sources */ = {isa = PBXBuildFile; fileRef = AAFF3B0425C2040D008893B6 /* UIButtonWithRoundCorners.swift */; };
/* End PBXBuildFile section */

/* Begin PBXContainerItemProxy section */
		AAFF3A0025C14A19008893B6 /* PBXContainerItemProxy */ = {
			isa = PBXContainerItemProxy;
			containerPortal = AAFF39E125C14A18008893B6 /* Project object */;
			proxyType = 1;
			remoteGlobalIDString = AAFF39E825C14A18008893B6;
			remoteInfo = iTunesSearch;
		};
/* End PBXContainerItemProxy section */

/* Begin PBXFileReference section */
		AA2D500625C20C0C002B7A94 /* UIViewWithRoundCorners.swift */ = {isa = PBXFileReference; lastKnownFileType = sourcecode.swift; path = UIViewWithRoundCorners.swift; sourceTree = "<group>"; };
		AA2D501025C21A9D002B7A94 /* MediaTypeCell.swift */ = {isa = PBXFileReference; lastKnownFileType = sourcecode.swift; path = MediaTypeCell.swift; sourceTree = "<group>"; };
		AAB55A9925C2FB450054356C /* GenericMultiSelectorVC.swift */ = {isa = PBXFileReference; lastKnownFileType = sourcecode.swift; path = GenericMultiSelectorVC.swift; sourceTree = "<group>"; };
		AAB55AA325C314D20054356C /* MediaTypeEntity.swift */ = {isa = PBXFileReference; lastKnownFileType = sourcecode.swift; path = MediaTypeEntity.swift; sourceTree = "<group>"; };
		AAB55ABE25C340340054356C /* SearchAPIService.swift */ = {isa = PBXFileReference; lastKnownFileType = sourcecode.swift; path = SearchAPIService.swift; sourceTree = "<group>"; };
		AAB55AC625C340F30054356C /* ItunesMedia.swift */ = {isa = PBXFileReference; lastKnownFileType = sourcecode.swift; path = ItunesMedia.swift; sourceTree = "<group>"; };
		AAB55AD925C34AFD0054356C /* SearchService.swift */ = {isa = PBXFileReference; lastKnownFileType = sourcecode.swift; path = SearchService.swift; sourceTree = "<group>"; };
		AAC637F225C3F5C60058EBE1 /* SearchResponse.swift */ = {isa = PBXFileReference; lastKnownFileType = sourcecode.swift; path = SearchResponse.swift; sourceTree = "<group>"; };
		AAC6383325C413A70058EBE1 /* MediaItemsPresenter.swift */ = {isa = PBXFileReference; lastKnownFileType = sourcecode.swift; path = MediaItemsPresenter.swift; sourceTree = "<group>"; };
		AAC6383525C413A70058EBE1 /* MediaItemsRouter.swift */ = {isa = PBXFileReference; lastKnownFileType = sourcecode.swift; path = MediaItemsRouter.swift; sourceTree = "<group>"; };
		AAC6383625C413A70058EBE1 /* MediaItemsModels.swift */ = {isa = PBXFileReference; lastKnownFileType = sourcecode.swift; path = MediaItemsModels.swift; sourceTree = "<group>"; };
		AAC6383725C413A70058EBE1 /* MediaItemsViewController.swift */ = {isa = PBXFileReference; lastKnownFileType = sourcecode.swift; path = MediaItemsViewController.swift; sourceTree = "<group>"; };
		AAC6383825C413A70058EBE1 /* MediaItemsInteractor.swift */ = {isa = PBXFileReference; lastKnownFileType = sourcecode.swift; path = MediaItemsInteractor.swift; sourceTree = "<group>"; };
		AAC6384525C41E870058EBE1 /* MediaItemsViewController.xib */ = {isa = PBXFileReference; lastKnownFileType = file.xib; path = MediaItemsViewController.xib; sourceTree = "<group>"; };
		AAC6384925C41F450058EBE1 /* SearchFormViewController.xib */ = {isa = PBXFileReference; lastKnownFileType = file.xib; path = SearchFormViewController.xib; sourceTree = "<group>"; };
		AAC6385325C4358F0058EBE1 /* MediaTypeCell.xib */ = {isa = PBXFileReference; lastKnownFileType = file.xib; path = MediaTypeCell.xib; sourceTree = "<group>"; };
		AAC6386625C43DB60058EBE1 /* GradientUIView.swift */ = {isa = PBXFileReference; lastKnownFileType = sourcecode.swift; path = GradientUIView.swift; sourceTree = "<group>"; };
		AAC6386A25C43FED0058EBE1 /* MediaItemGridCell.swift */ = {isa = PBXFileReference; lastKnownFileType = sourcecode.swift; path = MediaItemGridCell.swift; sourceTree = "<group>"; };
		AAC6386B25C43FED0058EBE1 /* MediaItemGridCell.xib */ = {isa = PBXFileReference; lastKnownFileType = file.xib; path = MediaItemGridCell.xib; sourceTree = "<group>"; };
		AAC6387425C440290058EBE1 /* MediaItemListCell.swift */ = {isa = PBXFileReference; lastKnownFileType = sourcecode.swift; path = MediaItemListCell.swift; sourceTree = "<group>"; };
		AAC6387525C440290058EBE1 /* MediaItemListCell.xib */ = {isa = PBXFileReference; lastKnownFileType = file.xib; path = MediaItemListCell.xib; sourceTree = "<group>"; };
		AAC6387A25C443F00058EBE1 /* UIImageViewExtension.swift */ = {isa = PBXFileReference; lastKnownFileType = sourcecode.swift; path = UIImageViewExtension.swift; sourceTree = "<group>"; };
		AAFF39E925C14A18008893B6 /* iTunesSearch.app */ = {isa = PBXFileReference; explicitFileType = wrapper.application; includeInIndex = 0; path = iTunesSearch.app; sourceTree = BUILT_PRODUCTS_DIR; };
		AAFF39EC25C14A18008893B6 /* AppDelegate.swift */ = {isa = PBXFileReference; lastKnownFileType = sourcecode.swift; path = AppDelegate.swift; sourceTree = "<group>"; };
		AAFF39EE25C14A18008893B6 /* SceneDelegate.swift */ = {isa = PBXFileReference; lastKnownFileType = sourcecode.swift; path = SceneDelegate.swift; sourceTree = "<group>"; };
		AAFF39F525C14A19008893B6 /* Assets.xcassets */ = {isa = PBXFileReference; lastKnownFileType = folder.assetcatalog; path = Assets.xcassets; sourceTree = "<group>"; };
		AAFF39F825C14A19008893B6 /* Base */ = {isa = PBXFileReference; lastKnownFileType = file.storyboard; name = Base; path = Base.lproj/LaunchScreen.storyboard; sourceTree = "<group>"; };
		AAFF39FA25C14A19008893B6 /* Info.plist */ = {isa = PBXFileReference; lastKnownFileType = text.plist.xml; path = Info.plist; sourceTree = "<group>"; };
		AAFF39FF25C14A19008893B6 /* iTunesSearchTests.xctest */ = {isa = PBXFileReference; explicitFileType = wrapper.cfbundle; includeInIndex = 0; path = iTunesSearchTests.xctest; sourceTree = BUILT_PRODUCTS_DIR; };
		AAFF3A0325C14A19008893B6 /* ITunesSearchTests.swift */ = {isa = PBXFileReference; lastKnownFileType = sourcecode.swift; path = ITunesSearchTests.swift; sourceTree = "<group>"; };
		AAFF3A0525C14A19008893B6 /* Info.plist */ = {isa = PBXFileReference; lastKnownFileType = text.plist.xml; path = Info.plist; sourceTree = "<group>"; };
		AAFF3ABF25C19FFE008893B6 /* SearchFormPresenter.swift */ = {isa = PBXFileReference; lastKnownFileType = sourcecode.swift; path = SearchFormPresenter.swift; sourceTree = "<group>"; };
		AAFF3AC025C19FFE008893B6 /* SearchFormWorker.swift */ = {isa = PBXFileReference; lastKnownFileType = sourcecode.swift; path = SearchFormWorker.swift; sourceTree = "<group>"; };
		AAFF3AC125C19FFE008893B6 /* SearchFormRouter.swift */ = {isa = PBXFileReference; lastKnownFileType = sourcecode.swift; path = SearchFormRouter.swift; sourceTree = "<group>"; };
		AAFF3AC225C19FFE008893B6 /* SearchFormModels.swift */ = {isa = PBXFileReference; lastKnownFileType = sourcecode.swift; path = SearchFormModels.swift; sourceTree = "<group>"; };
		AAFF3AC325C19FFE008893B6 /* SearchFormViewController.swift */ = {isa = PBXFileReference; lastKnownFileType = sourcecode.swift; path = SearchFormViewController.swift; sourceTree = "<group>"; };
		AAFF3AC425C19FFE008893B6 /* SearchFormInteractor.swift */ = {isa = PBXFileReference; lastKnownFileType = sourcecode.swift; path = SearchFormInteractor.swift; sourceTree = "<group>"; };
		AAFF3AE625C1A90B008893B6 /* TableViewCellExtension.swift */ = {isa = PBXFileReference; lastKnownFileType = sourcecode.swift; path = TableViewCellExtension.swift; sourceTree = "<group>"; };
		AAFF3AEA25C1AA2D008893B6 /* CollectionViewCellExtension.swift */ = {isa = PBXFileReference; lastKnownFileType = sourcecode.swift; path = CollectionViewCellExtension.swift; sourceTree = "<group>"; };
		AAFF3AEE25C1AA47008893B6 /* UIViewExtension.swift */ = {isa = PBXFileReference; lastKnownFileType = sourcecode.swift; path = UIViewExtension.swift; sourceTree = "<group>"; };
		AAFF3AF225C1AA67008893B6 /* NSObjectExtension.swift */ = {isa = PBXFileReference; lastKnownFileType = sourcecode.swift; path = NSObjectExtension.swift; sourceTree = "<group>"; };
		AAFF3AFD25C1AD2F008893B6 /* ViewControllerExtension.swift */ = {isa = PBXFileReference; lastKnownFileType = sourcecode.swift; path = ViewControllerExtension.swift; sourceTree = "<group>"; };
		AAFF3B0425C2040D008893B6 /* UIButtonWithRoundCorners.swift */ = {isa = PBXFileReference; lastKnownFileType = sourcecode.swift; path = UIButtonWithRoundCorners.swift; sourceTree = "<group>"; };
/* End PBXFileReference section */

/* Begin PBXFrameworksBuildPhase section */
		AAFF39E625C14A18008893B6 /* Frameworks */ = {
			isa = PBXFrameworksBuildPhase;
			buildActionMask = 2147483647;
			files = (
				AA2D500C25C21768002B7A94 /* SCLAlertView in Frameworks */,
				AAB55AB325C321F70054356C /* IQKeyboardManagerSwift in Frameworks */,
				AAFF3ABB25C199E3008893B6 /* MBProgressHUD in Frameworks */,
				AAC6380825C401C30058EBE1 /* Networking in Frameworks */,
				AAFF3AB625C19976008893B6 /* Kingfisher in Frameworks */,
			);
			runOnlyForDeploymentPostprocessing = 0;
		};
		AAFF39FC25C14A19008893B6 /* Frameworks */ = {
			isa = PBXFrameworksBuildPhase;
			buildActionMask = 2147483647;
			files = (
			);
			runOnlyForDeploymentPostprocessing = 0;
		};
/* End PBXFrameworksBuildPhase section */

/* Begin PBXGroup section */
		AA2D500F25C21A6D002B7A94 /* Cells */ = {
			isa = PBXGroup;
			children = (
				AA2D501025C21A9D002B7A94 /* MediaTypeCell.swift */,
				AAC6385325C4358F0058EBE1 /* MediaTypeCell.xib */,
			);
			path = Cells;
			sourceTree = "<group>";
		};
		AAB55A9825C2FB0B0054356C /* GenericMultiSelector */ = {
			isa = PBXGroup;
			children = (
				AAB55A9925C2FB450054356C /* GenericMultiSelectorVC.swift */,
			);
			path = GenericMultiSelector;
			sourceTree = "<group>";
		};
		AAB55AA725C314D80054356C /* Models */ = {
			isa = PBXGroup;
			children = (
				AAB55AA325C314D20054356C /* MediaTypeEntity.swift */,
			);
			path = Models;
			sourceTree = "<group>";
		};
		AAB55ABD25C340160054356C /* API */ = {
			isa = PBXGroup;
			children = (
				AAB55ACB25C341650054356C /* Models */,
				AAB55ACA25C3415D0054356C /* Service */,
			);
			path = API;
			sourceTree = "<group>";
		};
		AAB55ACA25C3415D0054356C /* Service */ = {
			isa = PBXGroup;
			children = (
				AAB55ABE25C340340054356C /* SearchAPIService.swift */,
				AAB55AD925C34AFD0054356C /* SearchService.swift */,
			);
			path = Service;
			sourceTree = "<group>";
		};
		AAB55ACB25C341650054356C /* Models */ = {
			isa = PBXGroup;
			children = (
				AAB55AC625C340F30054356C /* ItunesMedia.swift */,
				AAC637F225C3F5C60058EBE1 /* SearchResponse.swift */,
			);
			path = Models;
			sourceTree = "<group>";
		};
		AAC6383225C4138E0058EBE1 /* MediaItems */ = {
			isa = PBXGroup;
			children = (
				AAC6385F25C43B630058EBE1 /* Cells */,
				AAC6383325C413A70058EBE1 /* MediaItemsPresenter.swift */,
				AAC6383525C413A70058EBE1 /* MediaItemsRouter.swift */,
				AAC6383625C413A70058EBE1 /* MediaItemsModels.swift */,
				AAC6383825C413A70058EBE1 /* MediaItemsInteractor.swift */,
				AAC6383725C413A70058EBE1 /* MediaItemsViewController.swift */,
				AAC6384525C41E870058EBE1 /* MediaItemsViewController.xib */,
			);
			path = MediaItems;
			sourceTree = "<group>";
		};
		AAC6385F25C43B630058EBE1 /* Cells */ = {
			isa = PBXGroup;
			children = (
				AAC6386A25C43FED0058EBE1 /* MediaItemGridCell.swift */,
				AAC6386B25C43FED0058EBE1 /* MediaItemGridCell.xib */,
				AAC6387425C440290058EBE1 /* MediaItemListCell.swift */,
				AAC6387525C440290058EBE1 /* MediaItemListCell.xib */,
			);
			path = Cells;
			sourceTree = "<group>";
		};
		AAFF39E025C14A18008893B6 = {
			isa = PBXGroup;
			children = (
				AAFF39EB25C14A18008893B6 /* iTunesSearch */,
				AAFF3A0225C14A19008893B6 /* iTunesSearchTests */,
				AAFF39EA25C14A18008893B6 /* Products */,
			);
			sourceTree = "<group>";
		};
		AAFF39EA25C14A18008893B6 /* Products */ = {
			isa = PBXGroup;
			children = (
				AAFF39E925C14A18008893B6 /* iTunesSearch.app */,
				AAFF39FF25C14A19008893B6 /* iTunesSearchTests.xctest */,
			);
			name = Products;
			sourceTree = "<group>";
		};
		AAFF39EB25C14A18008893B6 /* iTunesSearch */ = {
			isa = PBXGroup;
			children = (
				AAFF3A2825C15B74008893B6 /* Common */,
				AAFF3A2925C15B79008893B6 /* Scenes */,
				AAFF39EC25C14A18008893B6 /* AppDelegate.swift */,
				AAFF39EE25C14A18008893B6 /* SceneDelegate.swift */,
				AAFF39F525C14A19008893B6 /* Assets.xcassets */,
				AAFF39F725C14A19008893B6 /* LaunchScreen.storyboard */,
				AAFF39FA25C14A19008893B6 /* Info.plist */,
			);
			path = iTunesSearch;
			sourceTree = "<group>";
		};
		AAFF3A0225C14A19008893B6 /* iTunesSearchTests */ = {
			isa = PBXGroup;
			children = (
				AAFF3A6425C18797008893B6 /* Common */,
				AAFF3A6325C18790008893B6 /* Scenes */,
				AAFF3A0325C14A19008893B6 /* ITunesSearchTests.swift */,
				AAFF3A0525C14A19008893B6 /* Info.plist */,
			);
			path = iTunesSearchTests;
			sourceTree = "<group>";
		};
		AAFF3A2825C15B74008893B6 /* Common */ = {
			isa = PBXGroup;
			children = (
				AAB55ABD25C340160054356C /* API */,
				AAB55AA725C314D80054356C /* Models */,
				AAFF3B0325C203CC008893B6 /* CustomViews */,
				AAFF3AF625C1AC1B008893B6 /* Protocols */,
				AAFF3A2A25C15B87008893B6 /* Extensions */,
			);
			path = Common;
			sourceTree = "<group>";
		};
		AAFF3A2925C15B79008893B6 /* Scenes */ = {
			isa = PBXGroup;
			children = (
				AAFF3ABE25C19E61008893B6 /* SearchForm */,
				AAC6383225C4138E0058EBE1 /* MediaItems */,
				AAFF3AD225C1A054008893B6 /* MediaItemDetails */,
			);
			path = Scenes;
			sourceTree = "<group>";
		};
		AAFF3A2A25C15B87008893B6 /* Extensions */ = {
			isa = PBXGroup;
			children = (
				AAFF3AE625C1A90B008893B6 /* TableViewCellExtension.swift */,
				AAFF3AEA25C1AA2D008893B6 /* CollectionViewCellExtension.swift */,
				AAFF3AEE25C1AA47008893B6 /* UIViewExtension.swift */,
				AAFF3AF225C1AA67008893B6 /* NSObjectExtension.swift */,
				AAFF3AFD25C1AD2F008893B6 /* ViewControllerExtension.swift */,
				AAC6387A25C443F00058EBE1 /* UIImageViewExtension.swift */,
			);
			path = Extensions;
			sourceTree = "<group>";
		};
		AAFF3A6325C18790008893B6 /* Scenes */ = {
			isa = PBXGroup;
			children = (
				AAFF3AD525C1A0AD008893B6 /* SearchForm */,
			);
			path = Scenes;
			sourceTree = "<group>";
		};
		AAFF3A6425C18797008893B6 /* Common */ = {
			isa = PBXGroup;
			children = (
				AAFF3A6525C187A8008893B6 /* Extensions */,
			);
			path = Common;
			sourceTree = "<group>";
		};
		AAFF3A6525C187A8008893B6 /* Extensions */ = {
			isa = PBXGroup;
			children = (
			);
			path = Extensions;
			sourceTree = "<group>";
		};
		AAFF3ABE25C19E61008893B6 /* SearchForm */ = {
			isa = PBXGroup;
			children = (
				AA2D500F25C21A6D002B7A94 /* Cells */,
				AAFF3ABF25C19FFE008893B6 /* SearchFormPresenter.swift */,
				AAFF3AC025C19FFE008893B6 /* SearchFormWorker.swift */,
				AAFF3AC125C19FFE008893B6 /* SearchFormRouter.swift */,
				AAFF3AC225C19FFE008893B6 /* SearchFormModels.swift */,
				AAFF3AC425C19FFE008893B6 /* SearchFormInteractor.swift */,
				AAFF3AC325C19FFE008893B6 /* SearchFormViewController.swift */,
				AAC6384925C41F450058EBE1 /* SearchFormViewController.xib */,
			);
			path = SearchForm;
			sourceTree = "<group>";
		};
		AAFF3AD225C1A054008893B6 /* MediaItemDetails */ = {
			isa = PBXGroup;
			children = (
			);
			path = MediaItemDetails;
			sourceTree = "<group>";
		};
		AAFF3AD525C1A0AD008893B6 /* SearchForm */ = {
			isa = PBXGroup;
			children = (
			);
			path = SearchForm;
			sourceTree = "<group>";
		};
		AAFF3AF625C1AC1B008893B6 /* Protocols */ = {
			isa = PBXGroup;
			children = (
			);
			path = Protocols;
			sourceTree = "<group>";
		};
		AAFF3B0325C203CC008893B6 /* CustomViews */ = {
			isa = PBXGroup;
			children = (
				AAB55A9825C2FB0B0054356C /* GenericMultiSelector */,
				AAFF3B0425C2040D008893B6 /* UIButtonWithRoundCorners.swift */,
				AA2D500625C20C0C002B7A94 /* UIViewWithRoundCorners.swift */,
				AAC6386625C43DB60058EBE1 /* GradientUIView.swift */,
			);
			path = CustomViews;
			sourceTree = "<group>";
		};
/* End PBXGroup section */

/* Begin PBXNativeTarget section */
		AAFF39E825C14A18008893B6 /* iTunesSearch */ = {
			isa = PBXNativeTarget;
			buildConfigurationList = AAFF3A1325C14A19008893B6 /* Build configuration list for PBXNativeTarget "iTunesSearch" */;
			buildPhases = (
				AAFF39E525C14A18008893B6 /* Sources */,
				AAFF39E625C14A18008893B6 /* Frameworks */,
				AAFF39E725C14A18008893B6 /* Resources */,
				AAFF3AAD25C1912A008893B6 /* ShellScript */,
			);
			buildRules = (
			);
			dependencies = (
			);
			name = iTunesSearch;
			packageProductDependencies = (
				AAFF3AB525C19976008893B6 /* Kingfisher */,
				AAFF3ABA25C199E3008893B6 /* MBProgressHUD */,
				AA2D500B25C21768002B7A94 /* SCLAlertView */,
				AAB55AB225C321F70054356C /* IQKeyboardManagerSwift */,
				AAC6380725C401C30058EBE1 /* Networking */,
			);
			productName = iTunesSearch;
			productReference = AAFF39E925C14A18008893B6 /* iTunesSearch.app */;
			productType = "com.apple.product-type.application";
		};
		AAFF39FE25C14A19008893B6 /* iTunesSearchTests */ = {
			isa = PBXNativeTarget;
			buildConfigurationList = AAFF3A1625C14A19008893B6 /* Build configuration list for PBXNativeTarget "iTunesSearchTests" */;
			buildPhases = (
				AAFF39FB25C14A19008893B6 /* Sources */,
				AAFF39FC25C14A19008893B6 /* Frameworks */,
				AAFF39FD25C14A19008893B6 /* Resources */,
			);
			buildRules = (
			);
			dependencies = (
				AAFF3A0125C14A19008893B6 /* PBXTargetDependency */,
			);
			name = iTunesSearchTests;
			productName = iTunesSearchTests;
			productReference = AAFF39FF25C14A19008893B6 /* iTunesSearchTests.xctest */;
			productType = "com.apple.product-type.bundle.unit-test";
		};
/* End PBXNativeTarget section */

/* Begin PBXProject section */
		AAFF39E125C14A18008893B6 /* Project object */ = {
			isa = PBXProject;
			attributes = {
				LastSwiftUpdateCheck = 1220;
				LastUpgradeCheck = 1220;
				ORGANIZATIONNAME = Nagarro;
				TargetAttributes = {
					AAFF39E825C14A18008893B6 = {
						CreatedOnToolsVersion = 12.2;
					};
					AAFF39FE25C14A19008893B6 = {
						CreatedOnToolsVersion = 12.2;
						TestTargetID = AAFF39E825C14A18008893B6;
					};
				};
			};
			buildConfigurationList = AAFF39E425C14A18008893B6 /* Build configuration list for PBXProject "iTunesSearch" */;
			compatibilityVersion = "Xcode 9.3";
			developmentRegion = en;
			hasScannedForEncodings = 0;
			knownRegions = (
				en,
				Base,
			);
			mainGroup = AAFF39E025C14A18008893B6;
			packageReferences = (
				AAFF3AB425C19976008893B6 /* XCRemoteSwiftPackageReference "Kingfisher" */,
				AAFF3AB925C199E3008893B6 /* XCRemoteSwiftPackageReference "MBProgressHUD" */,
				AA2D500A25C21768002B7A94 /* XCRemoteSwiftPackageReference "SCLAlertView-Swift" */,
				AAB55AB125C321F70054356C /* XCRemoteSwiftPackageReference "IQKeyboardManager" */,
				AAC6380625C401C30058EBE1 /* XCRemoteSwiftPackageReference "Networking" */,
			);
			productRefGroup = AAFF39EA25C14A18008893B6 /* Products */;
			projectDirPath = "";
			projectRoot = "";
			targets = (
				AAFF39E825C14A18008893B6 /* iTunesSearch */,
				AAFF39FE25C14A19008893B6 /* iTunesSearchTests */,
			);
		};
/* End PBXProject section */

/* Begin PBXResourcesBuildPhase section */
		AAFF39E725C14A18008893B6 /* Resources */ = {
			isa = PBXResourcesBuildPhase;
			buildActionMask = 2147483647;
			files = (
				AAC6384A25C41F450058EBE1 /* SearchFormViewController.xib in Resources */,
				AAFF39F925C14A19008893B6 /* LaunchScreen.storyboard in Resources */,
				AAC6386D25C43FED0058EBE1 /* MediaItemGridCell.xib in Resources */,
				AAC6385425C4358F0058EBE1 /* MediaTypeCell.xib in Resources */,
				AAC6387725C440290058EBE1 /* MediaItemListCell.xib in Resources */,
				AAFF39F625C14A19008893B6 /* Assets.xcassets in Resources */,
				AAC6384625C41E870058EBE1 /* MediaItemsViewController.xib in Resources */,
			);
			runOnlyForDeploymentPostprocessing = 0;
		};
		AAFF39FD25C14A19008893B6 /* Resources */ = {
			isa = PBXResourcesBuildPhase;
			buildActionMask = 2147483647;
			files = (
			);
			runOnlyForDeploymentPostprocessing = 0;
		};
/* End PBXResourcesBuildPhase section */

/* Begin PBXShellScriptBuildPhase section */
		AAFF3AAD25C1912A008893B6 /* ShellScript */ = {
			isa = PBXShellScriptBuildPhase;
			buildActionMask = 2147483647;
			files = (
			);
			inputFileListPaths = (
			);
			inputPaths = (
			);
			outputFileListPaths = (
			);
			outputPaths = (
			);
			runOnlyForDeploymentPostprocessing = 0;
			shellPath = /bin/sh;
			shellScript = "if which swiftlint >/dev/null; then\n  swiftlint autocorrect\nelse\n  echo \"warning: SwiftLint not installed, download from https://github.com/realm/SwiftLint\"\nfi\n";
		};
/* End PBXShellScriptBuildPhase section */

/* Begin PBXSourcesBuildPhase section */
		AAFF39E525C14A18008893B6 /* Sources */ = {
			isa = PBXSourcesBuildPhase;
			buildActionMask = 2147483647;
			files = (
				AA2D501125C21A9D002B7A94 /* MediaTypeCell.swift in Sources */,
				AAB55A9A25C2FB450054356C /* GenericMultiSelectorVC.swift in Sources */,
				AAFF3AFE25C1AD2F008893B6 /* ViewControllerExtension.swift in Sources */,
				AAC6388425C449650058EBE1 /* MediaItemsViewController.swift in Sources */,
				AAFF39ED25C14A18008893B6 /* AppDelegate.swift in Sources */,
				AAB55AE625C34D5A0054356C /* MediaTypeEntity.swift in Sources */,
				AAC6380125C3FFC90058EBE1 /* SearchFormWorker.swift in Sources */,
				AAC637F325C3F5C60058EBE1 /* SearchResponse.swift in Sources */,
				AAC6386C25C43FED0058EBE1 /* MediaItemGridCell.swift in Sources */,
				AAC6383B25C413A70058EBE1 /* MediaItemsRouter.swift in Sources */,
				AAFF3AEF25C1AA47008893B6 /* UIViewExtension.swift in Sources */,
				AAFF3AE725C1A90B008893B6 /* TableViewCellExtension.swift in Sources */,
				AAFF3ACA25C19FFE008893B6 /* SearchFormInteractor.swift in Sources */,
				AAFF3AF325C1AA67008893B6 /* NSObjectExtension.swift in Sources */,
				AAFF3B0525C2040D008893B6 /* UIButtonWithRoundCorners.swift in Sources */,
				AAB55AD525C346850054356C /* ItunesMedia.swift in Sources */,
				AAFF3AEB25C1AA2E008893B6 /* CollectionViewCellExtension.swift in Sources */,
				AA2D500725C20C0C002B7A94 /* UIViewWithRoundCorners.swift in Sources */,
				AAC6383925C413A70058EBE1 /* MediaItemsPresenter.swift in Sources */,
				AAC6386725C43DB60058EBE1 /* GradientUIView.swift in Sources */,
				AAC6383E25C413A70058EBE1 /* MediaItemsInteractor.swift in Sources */,
				AAFF39EF25C14A18008893B6 /* SceneDelegate.swift in Sources */,
				AAB55ADA25C34AFD0054356C /* SearchService.swift in Sources */,
				AAB55AF425C350270054356C /* SearchFormRouter.swift in Sources */,
				AAC6387625C440290058EBE1 /* MediaItemListCell.swift in Sources */,
				AAB55AEB25C34F1F0054356C /* SearchFormViewController.swift in Sources */,
				AAFF3AC525C19FFE008893B6 /* SearchFormPresenter.swift in Sources */,
				AAFF3AC825C19FFE008893B6 /* SearchFormModels.swift in Sources */,
				AAC6383C25C413A70058EBE1 /* MediaItemsModels.swift in Sources */,
				AAB55AE125C34B390054356C /* SearchAPIService.swift in Sources */,
				AAC6387B25C443F00058EBE1 /* UIImageViewExtension.swift in Sources */,
			);
			runOnlyForDeploymentPostprocessing = 0;
		};
		AAFF39FB25C14A19008893B6 /* Sources */ = {
			isa = PBXSourcesBuildPhase;
			buildActionMask = 2147483647;
			files = (
				AAFF3A0425C14A19008893B6 /* ITunesSearchTests.swift in Sources */,
			);
			runOnlyForDeploymentPostprocessing = 0;
		};
/* End PBXSourcesBuildPhase section */

/* Begin PBXTargetDependency section */
		AAFF3A0125C14A19008893B6 /* PBXTargetDependency */ = {
			isa = PBXTargetDependency;
			target = AAFF39E825C14A18008893B6 /* iTunesSearch */;
			targetProxy = AAFF3A0025C14A19008893B6 /* PBXContainerItemProxy */;
		};
/* End PBXTargetDependency section */

/* Begin PBXVariantGroup section */
		AAFF39F725C14A19008893B6 /* LaunchScreen.storyboard */ = {
			isa = PBXVariantGroup;
			children = (
				AAFF39F825C14A19008893B6 /* Base */,
			);
			name = LaunchScreen.storyboard;
			sourceTree = "<group>";
		};
/* End PBXVariantGroup section */

/* Begin XCBuildConfiguration section */
		AAFF3A1125C14A19008893B6 /* Debug */ = {
			isa = XCBuildConfiguration;
			buildSettings = {
				ALWAYS_SEARCH_USER_PATHS = NO;
				CLANG_ANALYZER_NONNULL = YES;
				CLANG_ANALYZER_NUMBER_OBJECT_CONVERSION = YES_AGGRESSIVE;
				CLANG_CXX_LANGUAGE_STANDARD = "gnu++14";
				CLANG_CXX_LIBRARY = "libc++";
				CLANG_ENABLE_MODULES = YES;
				CLANG_ENABLE_OBJC_ARC = YES;
				CLANG_ENABLE_OBJC_WEAK = YES;
				CLANG_WARN_BLOCK_CAPTURE_AUTORELEASING = YES;
				CLANG_WARN_BOOL_CONVERSION = YES;
				CLANG_WARN_COMMA = YES;
				CLANG_WARN_CONSTANT_CONVERSION = YES;
				CLANG_WARN_DEPRECATED_OBJC_IMPLEMENTATIONS = YES;
				CLANG_WARN_DIRECT_OBJC_ISA_USAGE = YES_ERROR;
				CLANG_WARN_DOCUMENTATION_COMMENTS = YES;
				CLANG_WARN_EMPTY_BODY = YES;
				CLANG_WARN_ENUM_CONVERSION = YES;
				CLANG_WARN_INFINITE_RECURSION = YES;
				CLANG_WARN_INT_CONVERSION = YES;
				CLANG_WARN_NON_LITERAL_NULL_CONVERSION = YES;
				CLANG_WARN_OBJC_IMPLICIT_RETAIN_SELF = YES;
				CLANG_WARN_OBJC_LITERAL_CONVERSION = YES;
				CLANG_WARN_OBJC_ROOT_CLASS = YES_ERROR;
				CLANG_WARN_QUOTED_INCLUDE_IN_FRAMEWORK_HEADER = YES;
				CLANG_WARN_RANGE_LOOP_ANALYSIS = YES;
				CLANG_WARN_STRICT_PROTOTYPES = YES;
				CLANG_WARN_SUSPICIOUS_MOVE = YES;
				CLANG_WARN_UNGUARDED_AVAILABILITY = YES_AGGRESSIVE;
				CLANG_WARN_UNREACHABLE_CODE = YES;
				CLANG_WARN__DUPLICATE_METHOD_MATCH = YES;
				COPY_PHASE_STRIP = NO;
				DEBUG_INFORMATION_FORMAT = dwarf;
				ENABLE_STRICT_OBJC_MSGSEND = YES;
				ENABLE_TESTABILITY = YES;
				GCC_C_LANGUAGE_STANDARD = gnu11;
				GCC_DYNAMIC_NO_PIC = NO;
				GCC_NO_COMMON_BLOCKS = YES;
				GCC_OPTIMIZATION_LEVEL = 0;
				GCC_PREPROCESSOR_DEFINITIONS = (
					"DEBUG=1",
					"$(inherited)",
				);
				GCC_WARN_64_TO_32_BIT_CONVERSION = YES;
				GCC_WARN_ABOUT_RETURN_TYPE = YES_ERROR;
				GCC_WARN_UNDECLARED_SELECTOR = YES;
				GCC_WARN_UNINITIALIZED_AUTOS = YES_AGGRESSIVE;
				GCC_WARN_UNUSED_FUNCTION = YES;
				GCC_WARN_UNUSED_VARIABLE = YES;
				IPHONEOS_DEPLOYMENT_TARGET = 14.2;
				MTL_ENABLE_DEBUG_INFO = INCLUDE_SOURCE;
				MTL_FAST_MATH = YES;
				ONLY_ACTIVE_ARCH = YES;
				SDKROOT = iphoneos;
				SWIFT_ACTIVE_COMPILATION_CONDITIONS = DEBUG;
				SWIFT_OPTIMIZATION_LEVEL = "-Onone";
			};
			name = Debug;
		};
		AAFF3A1225C14A19008893B6 /* Release */ = {
			isa = XCBuildConfiguration;
			buildSettings = {
				ALWAYS_SEARCH_USER_PATHS = NO;
				CLANG_ANALYZER_NONNULL = YES;
				CLANG_ANALYZER_NUMBER_OBJECT_CONVERSION = YES_AGGRESSIVE;
				CLANG_CXX_LANGUAGE_STANDARD = "gnu++14";
				CLANG_CXX_LIBRARY = "libc++";
				CLANG_ENABLE_MODULES = YES;
				CLANG_ENABLE_OBJC_ARC = YES;
				CLANG_ENABLE_OBJC_WEAK = YES;
				CLANG_WARN_BLOCK_CAPTURE_AUTORELEASING = YES;
				CLANG_WARN_BOOL_CONVERSION = YES;
				CLANG_WARN_COMMA = YES;
				CLANG_WARN_CONSTANT_CONVERSION = YES;
				CLANG_WARN_DEPRECATED_OBJC_IMPLEMENTATIONS = YES;
				CLANG_WARN_DIRECT_OBJC_ISA_USAGE = YES_ERROR;
				CLANG_WARN_DOCUMENTATION_COMMENTS = YES;
				CLANG_WARN_EMPTY_BODY = YES;
				CLANG_WARN_ENUM_CONVERSION = YES;
				CLANG_WARN_INFINITE_RECURSION = YES;
				CLANG_WARN_INT_CONVERSION = YES;
				CLANG_WARN_NON_LITERAL_NULL_CONVERSION = YES;
				CLANG_WARN_OBJC_IMPLICIT_RETAIN_SELF = YES;
				CLANG_WARN_OBJC_LITERAL_CONVERSION = YES;
				CLANG_WARN_OBJC_ROOT_CLASS = YES_ERROR;
				CLANG_WARN_QUOTED_INCLUDE_IN_FRAMEWORK_HEADER = YES;
				CLANG_WARN_RANGE_LOOP_ANALYSIS = YES;
				CLANG_WARN_STRICT_PROTOTYPES = YES;
				CLANG_WARN_SUSPICIOUS_MOVE = YES;
				CLANG_WARN_UNGUARDED_AVAILABILITY = YES_AGGRESSIVE;
				CLANG_WARN_UNREACHABLE_CODE = YES;
				CLANG_WARN__DUPLICATE_METHOD_MATCH = YES;
				COPY_PHASE_STRIP = NO;
				DEBUG_INFORMATION_FORMAT = "dwarf-with-dsym";
				ENABLE_NS_ASSERTIONS = NO;
				ENABLE_STRICT_OBJC_MSGSEND = YES;
				GCC_C_LANGUAGE_STANDARD = gnu11;
				GCC_NO_COMMON_BLOCKS = YES;
				GCC_WARN_64_TO_32_BIT_CONVERSION = YES;
				GCC_WARN_ABOUT_RETURN_TYPE = YES_ERROR;
				GCC_WARN_UNDECLARED_SELECTOR = YES;
				GCC_WARN_UNINITIALIZED_AUTOS = YES_AGGRESSIVE;
				GCC_WARN_UNUSED_FUNCTION = YES;
				GCC_WARN_UNUSED_VARIABLE = YES;
				IPHONEOS_DEPLOYMENT_TARGET = 14.2;
				MTL_ENABLE_DEBUG_INFO = NO;
				MTL_FAST_MATH = YES;
				SDKROOT = iphoneos;
				SWIFT_COMPILATION_MODE = wholemodule;
				SWIFT_OPTIMIZATION_LEVEL = "-O";
				VALIDATE_PRODUCT = YES;
			};
			name = Release;
		};
		AAFF3A1425C14A19008893B6 /* Debug */ = {
			isa = XCBuildConfiguration;
			buildSettings = {
				ASSETCATALOG_COMPILER_APPICON_NAME = AppIcon;
				ASSETCATALOG_COMPILER_GLOBAL_ACCENT_COLOR_NAME = AccentColor;
				CODE_SIGN_STYLE = Automatic;
				DEVELOPMENT_TEAM = Z46PAR97LP;
				INFOPLIST_FILE = iTunesSearch/Info.plist;
				IPHONEOS_DEPLOYMENT_TARGET = 14.0;
				LD_RUNPATH_SEARCH_PATHS = (
					"$(inherited)",
					"@executable_path/Frameworks",
				);
				PRODUCT_BUNDLE_IDENTIFIER = com.nagarro.iTunesSearch;
				PRODUCT_NAME = "$(TARGET_NAME)";
				SWIFT_VERSION = 5.0;
				TARGETED_DEVICE_FAMILY = 1;
			};
			name = Debug;
		};
		AAFF3A1525C14A19008893B6 /* Release */ = {
			isa = XCBuildConfiguration;
			buildSettings = {
				ASSETCATALOG_COMPILER_APPICON_NAME = AppIcon;
				ASSETCATALOG_COMPILER_GLOBAL_ACCENT_COLOR_NAME = AccentColor;
				CODE_SIGN_STYLE = Automatic;
				DEVELOPMENT_TEAM = Z46PAR97LP;
				INFOPLIST_FILE = iTunesSearch/Info.plist;
				IPHONEOS_DEPLOYMENT_TARGET = 14.0;
				LD_RUNPATH_SEARCH_PATHS = (
					"$(inherited)",
					"@executable_path/Frameworks",
				);
				PRODUCT_BUNDLE_IDENTIFIER = com.nagarro.iTunesSearch;
				PRODUCT_NAME = "$(TARGET_NAME)";
				SWIFT_VERSION = 5.0;
				TARGETED_DEVICE_FAMILY = 1;
			};
			name = Release;
		};
		AAFF3A1725C14A19008893B6 /* Debug */ = {
			isa = XCBuildConfiguration;
			buildSettings = {
				ALWAYS_EMBED_SWIFT_STANDARD_LIBRARIES = YES;
				BUNDLE_LOADER = "$(TEST_HOST)";
				CODE_SIGN_STYLE = Automatic;
				DEVELOPMENT_TEAM = Z46PAR97LP;
				INFOPLIST_FILE = iTunesSearchTests/Info.plist;
				IPHONEOS_DEPLOYMENT_TARGET = 14.2;
				LD_RUNPATH_SEARCH_PATHS = (
					"$(inherited)",
					"@executable_path/Frameworks",
					"@loader_path/Frameworks",
				);
				PRODUCT_BUNDLE_IDENTIFIER = com.nagarro.iTunesSearchTests;
				PRODUCT_NAME = "$(TARGET_NAME)";
				SWIFT_VERSION = 5.0;
				TARGETED_DEVICE_FAMILY = "1,2";
				TEST_HOST = "$(BUILT_PRODUCTS_DIR)/iTunesSearch.app/iTunesSearch";
			};
			name = Debug;
		};
		AAFF3A1825C14A19008893B6 /* Release */ = {
			isa = XCBuildConfiguration;
			buildSettings = {
				ALWAYS_EMBED_SWIFT_STANDARD_LIBRARIES = YES;
				BUNDLE_LOADER = "$(TEST_HOST)";
				CODE_SIGN_STYLE = Automatic;
				DEVELOPMENT_TEAM = Z46PAR97LP;
				INFOPLIST_FILE = iTunesSearchTests/Info.plist;
				IPHONEOS_DEPLOYMENT_TARGET = 14.2;
				LD_RUNPATH_SEARCH_PATHS = (
					"$(inherited)",
					"@executable_path/Frameworks",
					"@loader_path/Frameworks",
				);
				PRODUCT_BUNDLE_IDENTIFIER = com.nagarro.iTunesSearchTests;
				PRODUCT_NAME = "$(TARGET_NAME)";
				SWIFT_VERSION = 5.0;
				TARGETED_DEVICE_FAMILY = "1,2";
				TEST_HOST = "$(BUILT_PRODUCTS_DIR)/iTunesSearch.app/iTunesSearch";
			};
			name = Release;
		};
/* End XCBuildConfiguration section */

/* Begin XCConfigurationList section */
		AAFF39E425C14A18008893B6 /* Build configuration list for PBXProject "iTunesSearch" */ = {
			isa = XCConfigurationList;
			buildConfigurations = (
				AAFF3A1125C14A19008893B6 /* Debug */,
				AAFF3A1225C14A19008893B6 /* Release */,
			);
			defaultConfigurationIsVisible = 0;
			defaultConfigurationName = Release;
		};
		AAFF3A1325C14A19008893B6 /* Build configuration list for PBXNativeTarget "iTunesSearch" */ = {
			isa = XCConfigurationList;
			buildConfigurations = (
				AAFF3A1425C14A19008893B6 /* Debug */,
				AAFF3A1525C14A19008893B6 /* Release */,
			);
			defaultConfigurationIsVisible = 0;
			defaultConfigurationName = Release;
		};
		AAFF3A1625C14A19008893B6 /* Build configuration list for PBXNativeTarget "iTunesSearchTests" */ = {
			isa = XCConfigurationList;
			buildConfigurations = (
				AAFF3A1725C14A19008893B6 /* Debug */,
				AAFF3A1825C14A19008893B6 /* Release */,
			);
			defaultConfigurationIsVisible = 0;
			defaultConfigurationName = Release;
		};
/* End XCConfigurationList section */

/* Begin XCRemoteSwiftPackageReference section */
		AA2D500A25C21768002B7A94 /* XCRemoteSwiftPackageReference "SCLAlertView-Swift" */ = {
			isa = XCRemoteSwiftPackageReference;
			repositoryURL = "https://github.com/vikmeup/SCLAlertView-Swift";
			requirement = {
				branch = master;
				kind = branch;
			};
		};
		AAB55AB125C321F70054356C /* XCRemoteSwiftPackageReference "IQKeyboardManager" */ = {
			isa = XCRemoteSwiftPackageReference;
			repositoryURL = "https://github.com/hackiftekhar/IQKeyboardManager";
			requirement = {
				kind = upToNextMajorVersion;
				minimumVersion = 6.5.6;
			};
		};
		AAC6380625C401C30058EBE1 /* XCRemoteSwiftPackageReference "Networking" */ = {
			isa = XCRemoteSwiftPackageReference;
			repositoryURL = "https://github.com/freshOS/Networking";
			requirement = {
				kind = upToNextMajorVersion;
				minimumVersion = 0.3.2;
			};
		};
		AAFF3AB425C19976008893B6 /* XCRemoteSwiftPackageReference "Kingfisher" */ = {
			isa = XCRemoteSwiftPackageReference;
			repositoryURL = "https://github.com/onevcat/Kingfisher";
			requirement = {
				kind = upToNextMajorVersion;
				minimumVersion = 6.0.1;
			};
		};
		AAFF3AB925C199E3008893B6 /* XCRemoteSwiftPackageReference "MBProgressHUD" */ = {
			isa = XCRemoteSwiftPackageReference;
			repositoryURL = "https://github.com/jdg/MBProgressHUD";
			requirement = {
				kind = upToNextMajorVersion;
				minimumVersion = 1.2.0;
			};
		};
/* End XCRemoteSwiftPackageReference section */

/* Begin XCSwiftPackageProductDependency section */
		AA2D500B25C21768002B7A94 /* SCLAlertView */ = {
			isa = XCSwiftPackageProductDependency;
			package = AA2D500A25C21768002B7A94 /* XCRemoteSwiftPackageReference "SCLAlertView-Swift" */;
			productName = SCLAlertView;
		};
		AAB55AB225C321F70054356C /* IQKeyboardManagerSwift */ = {
			isa = XCSwiftPackageProductDependency;
			package = AAB55AB125C321F70054356C /* XCRemoteSwiftPackageReference "IQKeyboardManager" */;
			productName = IQKeyboardManagerSwift;
		};
		AAC6380725C401C30058EBE1 /* Networking */ = {
			isa = XCSwiftPackageProductDependency;
			package = AAC6380625C401C30058EBE1 /* XCRemoteSwiftPackageReference "Networking" */;
			productName = Networking;
		};
		AAFF3AB525C19976008893B6 /* Kingfisher */ = {
			isa = XCSwiftPackageProductDependency;
			package = AAFF3AB425C19976008893B6 /* XCRemoteSwiftPackageReference "Kingfisher" */;
			productName = Kingfisher;
		};
		AAFF3ABA25C199E3008893B6 /* MBProgressHUD */ = {
			isa = XCSwiftPackageProductDependency;
			package = AAFF3AB925C199E3008893B6 /* XCRemoteSwiftPackageReference "MBProgressHUD" */;
			productName = MBProgressHUD;
		};
/* End XCSwiftPackageProductDependency section */
	};
	rootObject = AAFF39E125C14A18008893B6 /* Project object */;
}
