// !$*UTF8*$!
{
	archiveVersion = 1;
	classes = {
	};
	objectVersion = 50;
	objects = {

/* Begin PBXBuildFile section */
		AAFF39ED25C14A18008893B6 /* AppDelegate.swift in Sources */ = {isa = PBXBuildFile; fileRef = AAFF39EC25C14A18008893B6 /* AppDelegate.swift */; };
		AAFF39EF25C14A18008893B6 /* SceneDelegate.swift in Sources */ = {isa = PBXBuildFile; fileRef = AAFF39EE25C14A18008893B6 /* SceneDelegate.swift */; };
		AAFF39F125C14A18008893B6 /* ViewController.swift in Sources */ = {isa = PBXBuildFile; fileRef = AAFF39F025C14A18008893B6 /* ViewController.swift */; };
		AAFF39F425C14A18008893B6 /* Main.storyboard in Resources */ = {isa = PBXBuildFile; fileRef = AAFF39F225C14A18008893B6 /* Main.storyboard */; };
		AAFF39F625C14A19008893B6 /* Assets.xcassets in Resources */ = {isa = PBXBuildFile; fileRef = AAFF39F525C14A19008893B6 /* Assets.xcassets */; };
		AAFF39F925C14A19008893B6 /* LaunchScreen.storyboard in Resources */ = {isa = PBXBuildFile; fileRef = AAFF39F725C14A19008893B6 /* LaunchScreen.storyboard */; };
		AAFF3A0425C14A19008893B6 /* iTunesSearchTests.swift in Sources */ = {isa = PBXBuildFile; fileRef = AAFF3A0325C14A19008893B6 /* iTunesSearchTests.swift */; };
		AAFF3A0F25C14A19008893B6 /* iTunesSearchUITests.swift in Sources */ = {isa = PBXBuildFile; fileRef = AAFF3A0E25C14A19008893B6 /* iTunesSearchUITests.swift */; };
/* End PBXBuildFile section */

/* Begin PBXContainerItemProxy section */
		AAFF3A0025C14A19008893B6 /* PBXContainerItemProxy */ = {
			isa = PBXContainerItemProxy;
			containerPortal = AAFF39E125C14A18008893B6 /* Project object */;
			proxyType = 1;
			remoteGlobalIDString = AAFF39E825C14A18008893B6;
			remoteInfo = iTunesSearch;
		};
		AAFF3A0B25C14A19008893B6 /* PBXContainerItemProxy */ = {
			isa = PBXContainerItemProxy;
			containerPortal = AAFF39E125C14A18008893B6 /* Project object */;
			proxyType = 1;
			remoteGlobalIDString = AAFF39E825C14A18008893B6;
			remoteInfo = iTunesSearch;
		};
/* End PBXContainerItemProxy section */

/* Begin PBXFileReference section */
		AAFF39E925C14A18008893B6 /* iTunesSearch.app */ = {isa = PBXFileReference; explicitFileType = wrapper.application; includeInIndex = 0; path = iTunesSearch.app; sourceTree = BUILT_PRODUCTS_DIR; };
		AAFF39EC25C14A18008893B6 /* AppDelegate.swift */ = {isa = PBXFileReference; lastKnownFileType = sourcecode.swift; path = AppDelegate.swift; sourceTree = "<group>"; };
		AAFF39EE25C14A18008893B6 /* SceneDelegate.swift */ = {isa = PBXFileReference; lastKnownFileType = sourcecode.swift; path = SceneDelegate.swift; sourceTree = "<group>"; };
		AAFF39F025C14A18008893B6 /* ViewController.swift */ = {isa = PBXFileReference; lastKnownFileType = sourcecode.swift; path = ViewController.swift; sourceTree = "<group>"; };
		AAFF39F325C14A18008893B6 /* Base */ = {isa = PBXFileReference; lastKnownFileType = file.storyboard; name = Base; path = Base.lproj/Main.storyboard; sourceTree = "<group>"; };
		AAFF39F525C14A19008893B6 /* Assets.xcassets */ = {isa = PBXFileReference; lastKnownFileType = folder.assetcatalog; path = Assets.xcassets; sourceTree = "<group>"; };
		AAFF39F825C14A19008893B6 /* Base */ = {isa = PBXFileReference; lastKnownFileType = file.storyboard; name = Base; path = Base.lproj/LaunchScreen.storyboard; sourceTree = "<group>"; };
		AAFF39FA25C14A19008893B6 /* Info.plist */ = {isa = PBXFileReference; lastKnownFileType = text.plist.xml; path = Info.plist; sourceTree = "<group>"; };
		AAFF39FF25C14A19008893B6 /* iTunesSearchTests.xctest */ = {isa = PBXFileReference; explicitFileType = wrapper.cfbundle; includeInIndex = 0; path = iTunesSearchTests.xctest; sourceTree = BUILT_PRODUCTS_DIR; };
		AAFF3A0325C14A19008893B6 /* iTunesSearchTests.swift */ = {isa = PBXFileReference; lastKnownFileType = sourcecode.swift; path = iTunesSearchTests.swift; sourceTree = "<group>"; };
		AAFF3A0525C14A19008893B6 /* Info.plist */ = {isa = PBXFileReference; lastKnownFileType = text.plist.xml; path = Info.plist; sourceTree = "<group>"; };
		AAFF3A0A25C14A19008893B6 /* iTunesSearchUITests.xctest */ = {isa = PBXFileReference; explicitFileType = wrapper.cfbundle; includeInIndex = 0; path = iTunesSearchUITests.xctest; sourceTree = BUILT_PRODUCTS_DIR; };
		AAFF3A0E25C14A19008893B6 /* iTunesSearchUITests.swift */ = {isa = PBXFileReference; lastKnownFileType = sourcecode.swift; path = iTunesSearchUITests.swift; sourceTree = "<group>"; };
		AAFF3A1025C14A19008893B6 /* Info.plist */ = {isa = PBXFileReference; lastKnownFileType = text.plist.xml; path = Info.plist; sourceTree = "<group>"; };
/* End PBXFileReference section */

/* Begin PBXFrameworksBuildPhase section */
		AAFF39E625C14A18008893B6 /* Frameworks */ = {
			isa = PBXFrameworksBuildPhase;
			buildActionMask = 2147483647;
			files = (
			);
			runOnlyForDeploymentPostprocessing = 0;
		};
		AAFF39FC25C14A19008893B6 /* Frameworks */ = {
			isa = PBXFrameworksBuildPhase;
			buildActionMask = 2147483647;
			files = (
			);
			runOnlyForDeploymentPostprocessing = 0;
		};
		AAFF3A0725C14A19008893B6 /* Frameworks */ = {
			isa = PBXFrameworksBuildPhase;
			buildActionMask = 2147483647;
			files = (
			);
			runOnlyForDeploymentPostprocessing = 0;
		};
/* End PBXFrameworksBuildPhase section */

/* Begin PBXGroup section */
		AAFF39E025C14A18008893B6 = {
			isa = PBXGroup;
			children = (
				AAFF39EB25C14A18008893B6 /* iTunesSearch */,
				AAFF3A0225C14A19008893B6 /* iTunesSearchTests */,
				AAFF3A0D25C14A19008893B6 /* iTunesSearchUITests */,
				AAFF39EA25C14A18008893B6 /* Products */,
			);
			sourceTree = "<group>";
		};
		AAFF39EA25C14A18008893B6 /* Products */ = {
			isa = PBXGroup;
			children = (
				AAFF39E925C14A18008893B6 /* iTunesSearch.app */,
				AAFF39FF25C14A19008893B6 /* iTunesSearchTests.xctest */,
				AAFF3A0A25C14A19008893B6 /* iTunesSearchUITests.xctest */,
			);
			name = Products;
			sourceTree = "<group>";
		};
		AAFF39EB25C14A18008893B6 /* iTunesSearch */ = {
			isa = PBXGroup;
			children = (
				AAFF39EC25C14A18008893B6 /* AppDelegate.swift */,
				AAFF39EE25C14A18008893B6 /* SceneDelegate.swift */,
				AAFF39F025C14A18008893B6 /* ViewController.swift */,
				AAFF39F225C14A18008893B6 /* Main.storyboard */,
				AAFF39F525C14A19008893B6 /* Assets.xcassets */,
				AAFF39F725C14A19008893B6 /* LaunchScreen.storyboard */,
				AAFF39FA25C14A19008893B6 /* Info.plist */,
			);
			path = iTunesSearch;
			sourceTree = "<group>";
		};
		AAFF3A0225C14A19008893B6 /* iTunesSearchTests */ = {
			isa = PBXGroup;
			children = (
				AAFF3A0325C14A19008893B6 /* iTunesSearchTests.swift */,
				AAFF3A0525C14A19008893B6 /* Info.plist */,
			);
			path = iTunesSearchTests;
			sourceTree = "<group>";
		};
		AAFF3A0D25C14A19008893B6 /* iTunesSearchUITests */ = {
			isa = PBXGroup;
			children = (
				AAFF3A0E25C14A19008893B6 /* iTunesSearchUITests.swift */,
				AAFF3A1025C14A19008893B6 /* Info.plist */,
			);
			path = iTunesSearchUITests;
			sourceTree = "<group>";
		};
/* End PBXGroup section */

/* Begin PBXNativeTarget section */
		AAFF39E825C14A18008893B6 /* iTunesSearch */ = {
			isa = PBXNativeTarget;
			buildConfigurationList = AAFF3A1325C14A19008893B6 /* Build configuration list for PBXNativeTarget "iTunesSearch" */;
			buildPhases = (
				AAFF39E525C14A18008893B6 /* Sources */,
				AAFF39E625C14A18008893B6 /* Frameworks */,
				AAFF39E725C14A18008893B6 /* Resources */,
			);
			buildRules = (
			);
			dependencies = (
			);
			name = iTunesSearch;
			productName = iTunesSearch;
			productReference = AAFF39E925C14A18008893B6 /* iTunesSearch.app */;
			productType = "com.apple.product-type.application";
		};
		AAFF39FE25C14A19008893B6 /* iTunesSearchTests */ = {
			isa = PBXNativeTarget;
			buildConfigurationList = AAFF3A1625C14A19008893B6 /* Build configuration list for PBXNativeTarget "iTunesSearchTests" */;
			buildPhases = (
				AAFF39FB25C14A19008893B6 /* Sources */,
				AAFF39FC25C14A19008893B6 /* Frameworks */,
				AAFF39FD25C14A19008893B6 /* Resources */,
			);
			buildRules = (
			);
			dependencies = (
				AAFF3A0125C14A19008893B6 /* PBXTargetDependency */,
			);
			name = iTunesSearchTests;
			productName = iTunesSearchTests;
			productReference = AAFF39FF25C14A19008893B6 /* iTunesSearchTests.xctest */;
			productType = "com.apple.product-type.bundle.unit-test";
		};
		AAFF3A0925C14A19008893B6 /* iTunesSearchUITests */ = {
			isa = PBXNativeTarget;
			buildConfigurationList = AAFF3A1925C14A19008893B6 /* Build configuration list for PBXNativeTarget "iTunesSearchUITests" */;
			buildPhases = (
				AAFF3A0625C14A19008893B6 /* Sources */,
				AAFF3A0725C14A19008893B6 /* Frameworks */,
				AAFF3A0825C14A19008893B6 /* Resources */,
			);
			buildRules = (
			);
			dependencies = (
				AAFF3A0C25C14A19008893B6 /* PBXTargetDependency */,
			);
			name = iTunesSearchUITests;
			productName = iTunesSearchUITests;
			productReference = AAFF3A0A25C14A19008893B6 /* iTunesSearchUITests.xctest */;
			productType = "com.apple.product-type.bundle.ui-testing";
		};
/* End PBXNativeTarget section */

/* Begin PBXProject section */
		AAFF39E125C14A18008893B6 /* Project object */ = {
			isa = PBXProject;
			attributes = {
				LastSwiftUpdateCheck = 1220;
				LastUpgradeCheck = 1220;
				TargetAttributes = {
					AAFF39E825C14A18008893B6 = {
						CreatedOnToolsVersion = 12.2;
					};
					AAFF39FE25C14A19008893B6 = {
						CreatedOnToolsVersion = 12.2;
						TestTargetID = AAFF39E825C14A18008893B6;
					};
					AAFF3A0925C14A19008893B6 = {
						CreatedOnToolsVersion = 12.2;
						TestTargetID = AAFF39E825C14A18008893B6;
					};
				};
			};
			buildConfigurationList = AAFF39E425C14A18008893B6 /* Build configuration list for PBXProject "iTunesSearch" */;
			compatibilityVersion = "Xcode 9.3";
			developmentRegion = en;
			hasScannedForEncodings = 0;
			knownRegions = (
				en,
				Base,
			);
			mainGroup = AAFF39E025C14A18008893B6;
			productRefGroup = AAFF39EA25C14A18008893B6 /* Products */;
			projectDirPath = "";
			projectRoot = "";
			targets = (
				AAFF39E825C14A18008893B6 /* iTunesSearch */,
				AAFF39FE25C14A19008893B6 /* iTunesSearchTests */,
				AAFF3A0925C14A19008893B6 /* iTunesSearchUITests */,
			);
		};
/* End PBXProject section */

/* Begin PBXResourcesBuildPhase section */
		AAFF39E725C14A18008893B6 /* Resources */ = {
			isa = PBXResourcesBuildPhase;
			buildActionMask = 2147483647;
			files = (
				AAFF39F925C14A19008893B6 /* LaunchScreen.storyboard in Resources */,
				AAFF39F625C14A19008893B6 /* Assets.xcassets in Resources */,
				AAFF39F425C14A18008893B6 /* Main.storyboard in Resources */,
			);
			runOnlyForDeploymentPostprocessing = 0;
		};
		AAFF39FD25C14A19008893B6 /* Resources */ = {
			isa = PBXResourcesBuildPhase;
			buildActionMask = 2147483647;
			files = (
			);
			runOnlyForDeploymentPostprocessing = 0;
		};
		AAFF3A0825C14A19008893B6 /* Resources */ = {
			isa = PBXResourcesBuildPhase;
			buildActionMask = 2147483647;
			files = (
			);
			runOnlyForDeploymentPostprocessing = 0;
		};
/* End PBXResourcesBuildPhase section */

/* Begin PBXSourcesBuildPhase section */
		AAFF39E525C14A18008893B6 /* Sources */ = {
			isa = PBXSourcesBuildPhase;
			buildActionMask = 2147483647;
			files = (
				AAFF39F125C14A18008893B6 /* ViewController.swift in Sources */,
				AAFF39ED25C14A18008893B6 /* AppDelegate.swift in Sources */,
				AAFF39EF25C14A18008893B6 /* SceneDelegate.swift in Sources */,
			);
			runOnlyForDeploymentPostprocessing = 0;
		};
		AAFF39FB25C14A19008893B6 /* Sources */ = {
			isa = PBXSourcesBuildPhase;
			buildActionMask = 2147483647;
			files = (
				AAFF3A0425C14A19008893B6 /* iTunesSearchTests.swift in Sources */,
			);
			runOnlyForDeploymentPostprocessing = 0;
		};
		AAFF3A0625C14A19008893B6 /* Sources */ = {
			isa = PBXSourcesBuildPhase;
			buildActionMask = 2147483647;
			files = (
				AAFF3A0F25C14A19008893B6 /* iTunesSearchUITests.swift in Sources */,
			);
			runOnlyForDeploymentPostprocessing = 0;
		};
/* End PBXSourcesBuildPhase section */

/* Begin PBXTargetDependency section */
		AAFF3A0125C14A19008893B6 /* PBXTargetDependency */ = {
			isa = PBXTargetDependency;
			target = AAFF39E825C14A18008893B6 /* iTunesSearch */;
			targetProxy = AAFF3A0025C14A19008893B6 /* PBXContainerItemProxy */;
		};
		AAFF3A0C25C14A19008893B6 /* PBXTargetDependency */ = {
			isa = PBXTargetDependency;
			target = AAFF39E825C14A18008893B6 /* iTunesSearch */;
			targetProxy = AAFF3A0B25C14A19008893B6 /* PBXContainerItemProxy */;
		};
/* End PBXTargetDependency section */

/* Begin PBXVariantGroup section */
		AAFF39F225C14A18008893B6 /* Main.storyboard */ = {
			isa = PBXVariantGroup;
			children = (
				AAFF39F325C14A18008893B6 /* Base */,
			);
			name = Main.storyboard;
			sourceTree = "<group>";
		};
		AAFF39F725C14A19008893B6 /* LaunchScreen.storyboard */ = {
			isa = PBXVariantGroup;
			children = (
				AAFF39F825C14A19008893B6 /* Base */,
			);
			name = LaunchScreen.storyboard;
			sourceTree = "<group>";
		};
/* End PBXVariantGroup section */

/* Begin XCBuildConfiguration section */
		AAFF3A1125C14A19008893B6 /* Debug */ = {
			isa = XCBuildConfiguration;
			buildSettings = {
				ALWAYS_SEARCH_USER_PATHS = NO;
				CLANG_ANALYZER_NONNULL = YES;
				CLANG_ANALYZER_NUMBER_OBJECT_CONVERSION = YES_AGGRESSIVE;
				CLANG_CXX_LANGUAGE_STANDARD = "gnu++14";
				CLANG_CXX_LIBRARY = "libc++";
				CLANG_ENABLE_MODULES = YES;
				CLANG_ENABLE_OBJC_ARC = YES;
				CLANG_ENABLE_OBJC_WEAK = YES;
				CLANG_WARN_BLOCK_CAPTURE_AUTORELEASING = YES;
				CLANG_WARN_BOOL_CONVERSION = YES;
				CLANG_WARN_COMMA = YES;
				CLANG_WARN_CONSTANT_CONVERSION = YES;
				CLANG_WARN_DEPRECATED_OBJC_IMPLEMENTATIONS = YES;
				CLANG_WARN_DIRECT_OBJC_ISA_USAGE = YES_ERROR;
				CLANG_WARN_DOCUMENTATION_COMMENTS = YES;
				CLANG_WARN_EMPTY_BODY = YES;
				CLANG_WARN_ENUM_CONVERSION = YES;
				CLANG_WARN_INFINITE_RECURSION = YES;
				CLANG_WARN_INT_CONVERSION = YES;
				CLANG_WARN_NON_LITERAL_NULL_CONVERSION = YES;
				CLANG_WARN_OBJC_IMPLICIT_RETAIN_SELF = YES;
				CLANG_WARN_OBJC_LITERAL_CONVERSION = YES;
				CLANG_WARN_OBJC_ROOT_CLASS = YES_ERROR;
				CLANG_WARN_QUOTED_INCLUDE_IN_FRAMEWORK_HEADER = YES;
				CLANG_WARN_RANGE_LOOP_ANALYSIS = YES;
				CLANG_WARN_STRICT_PROTOTYPES = YES;
				CLANG_WARN_SUSPICIOUS_MOVE = YES;
				CLANG_WARN_UNGUARDED_AVAILABILITY = YES_AGGRESSIVE;
				CLANG_WARN_UNREACHABLE_CODE = YES;
				CLANG_WARN__DUPLICATE_METHOD_MATCH = YES;
				COPY_PHASE_STRIP = NO;
				DEBUG_INFORMATION_FORMAT = dwarf;
				ENABLE_STRICT_OBJC_MSGSEND = YES;
				ENABLE_TESTABILITY = YES;
				GCC_C_LANGUAGE_STANDARD = gnu11;
				GCC_DYNAMIC_NO_PIC = NO;
				GCC_NO_COMMON_BLOCKS = YES;
				GCC_OPTIMIZATION_LEVEL = 0;
				GCC_PREPROCESSOR_DEFINITIONS = (
					"DEBUG=1",
					"$(inherited)",
				);
				GCC_WARN_64_TO_32_BIT_CONVERSION = YES;
				GCC_WARN_ABOUT_RETURN_TYPE = YES_ERROR;
				GCC_WARN_UNDECLARED_SELECTOR = YES;
				GCC_WARN_UNINITIALIZED_AUTOS = YES_AGGRESSIVE;
				GCC_WARN_UNUSED_FUNCTION = YES;
				GCC_WARN_UNUSED_VARIABLE = YES;
				IPHONEOS_DEPLOYMENT_TARGET = 14.2;
				MTL_ENABLE_DEBUG_INFO = INCLUDE_SOURCE;
				MTL_FAST_MATH = YES;
				ONLY_ACTIVE_ARCH = YES;
				SDKROOT = iphoneos;
				SWIFT_ACTIVE_COMPILATION_CONDITIONS = DEBUG;
				SWIFT_OPTIMIZATION_LEVEL = "-Onone";
			};
			name = Debug;
		};
		AAFF3A1225C14A19008893B6 /* Release */ = {
			isa = XCBuildConfiguration;
			buildSettings = {
				ALWAYS_SEARCH_USER_PATHS = NO;
				CLANG_ANALYZER_NONNULL = YES;
				CLANG_ANALYZER_NUMBER_OBJECT_CONVERSION = YES_AGGRESSIVE;
				CLANG_CXX_LANGUAGE_STANDARD = "gnu++14";
				CLANG_CXX_LIBRARY = "libc++";
				CLANG_ENABLE_MODULES = YES;
				CLANG_ENABLE_OBJC_ARC = YES;
				CLANG_ENABLE_OBJC_WEAK = YES;
				CLANG_WARN_BLOCK_CAPTURE_AUTORELEASING = YES;
				CLANG_WARN_BOOL_CONVERSION = YES;
				CLANG_WARN_COMMA = YES;
				CLANG_WARN_CONSTANT_CONVERSION = YES;
				CLANG_WARN_DEPRECATED_OBJC_IMPLEMENTATIONS = YES;
				CLANG_WARN_DIRECT_OBJC_ISA_USAGE = YES_ERROR;
				CLANG_WARN_DOCUMENTATION_COMMENTS = YES;
				CLANG_WARN_EMPTY_BODY = YES;
				CLANG_WARN_ENUM_CONVERSION = YES;
				CLANG_WARN_INFINITE_RECURSION = YES;
				CLANG_WARN_INT_CONVERSION = YES;
				CLANG_WARN_NON_LITERAL_NULL_CONVERSION = YES;
				CLANG_WARN_OBJC_IMPLICIT_RETAIN_SELF = YES;
				CLANG_WARN_OBJC_LITERAL_CONVERSION = YES;
				CLANG_WARN_OBJC_ROOT_CLASS = YES_ERROR;
				CLANG_WARN_QUOTED_INCLUDE_IN_FRAMEWORK_HEADER = YES;
				CLANG_WARN_RANGE_LOOP_ANALYSIS = YES;
				CLANG_WARN_STRICT_PROTOTYPES = YES;
				CLANG_WARN_SUSPICIOUS_MOVE = YES;
				CLANG_WARN_UNGUARDED_AVAILABILITY = YES_AGGRESSIVE;
				CLANG_WARN_UNREACHABLE_CODE = YES;
				CLANG_WARN__DUPLICATE_METHOD_MATCH = YES;
				COPY_PHASE_STRIP = NO;
				DEBUG_INFORMATION_FORMAT = "dwarf-with-dsym";
				ENABLE_NS_ASSERTIONS = NO;
				ENABLE_STRICT_OBJC_MSGSEND = YES;
				GCC_C_LANGUAGE_STANDARD = gnu11;
				GCC_NO_COMMON_BLOCKS = YES;
				GCC_WARN_64_TO_32_BIT_CONVERSION = YES;
				GCC_WARN_ABOUT_RETURN_TYPE = YES_ERROR;
				GCC_WARN_UNDECLARED_SELECTOR = YES;
				GCC_WARN_UNINITIALIZED_AUTOS = YES_AGGRESSIVE;
				GCC_WARN_UNUSED_FUNCTION = YES;
				GCC_WARN_UNUSED_VARIABLE = YES;
				IPHONEOS_DEPLOYMENT_TARGET = 14.2;
				MTL_ENABLE_DEBUG_INFO = NO;
				MTL_FAST_MATH = YES;
				SDKROOT = iphoneos;
				SWIFT_COMPILATION_MODE = wholemodule;
				SWIFT_OPTIMIZATION_LEVEL = "-O";
				VALIDATE_PRODUCT = YES;
			};
			name = Release;
		};
		AAFF3A1425C14A19008893B6 /* Debug */ = {
			isa = XCBuildConfiguration;
			buildSettings = {
				ASSETCATALOG_COMPILER_APPICON_NAME = AppIcon;
				ASSETCATALOG_COMPILER_GLOBAL_ACCENT_COLOR_NAME = AccentColor;
				CODE_SIGN_STYLE = Automatic;
				DEVELOPMENT_TEAM = Z46PAR97LP;
				INFOPLIST_FILE = iTunesSearch/Info.plist;
				LD_RUNPATH_SEARCH_PATHS = (
					"$(inherited)",
					"@executable_path/Frameworks",
				);
				PRODUCT_BUNDLE_IDENTIFIER = com.nagarro.iTunesSearch;
				PRODUCT_NAME = "$(TARGET_NAME)";
				SWIFT_VERSION = 5.0;
				TARGETED_DEVICE_FAMILY = "1,2";
			};
			name = Debug;
		};
		AAFF3A1525C14A19008893B6 /* Release */ = {
			isa = XCBuildConfiguration;
			buildSettings = {
				ASSETCATALOG_COMPILER_APPICON_NAME = AppIcon;
				ASSETCATALOG_COMPILER_GLOBAL_ACCENT_COLOR_NAME = AccentColor;
				CODE_SIGN_STYLE = Automatic;
				DEVELOPMENT_TEAM = Z46PAR97LP;
				INFOPLIST_FILE = iTunesSearch/Info.plist;
				LD_RUNPATH_SEARCH_PATHS = (
					"$(inherited)",
					"@executable_path/Frameworks",
				);
				PRODUCT_BUNDLE_IDENTIFIER = com.nagarro.iTunesSearch;
				PRODUCT_NAME = "$(TARGET_NAME)";
				SWIFT_VERSION = 5.0;
				TARGETED_DEVICE_FAMILY = "1,2";
			};
			name = Release;
		};
		AAFF3A1725C14A19008893B6 /* Debug */ = {
			isa = XCBuildConfiguration;
			buildSettings = {
				ALWAYS_EMBED_SWIFT_STANDARD_LIBRARIES = YES;
				BUNDLE_LOADER = "$(TEST_HOST)";
				CODE_SIGN_STYLE = Automatic;
				DEVELOPMENT_TEAM = Z46PAR97LP;
				INFOPLIST_FILE = iTunesSearchTests/Info.plist;
				IPHONEOS_DEPLOYMENT_TARGET = 14.2;
				LD_RUNPATH_SEARCH_PATHS = (
					"$(inherited)",
					"@executable_path/Frameworks",
					"@loader_path/Frameworks",
				);
				PRODUCT_BUNDLE_IDENTIFIER = com.nagarro.iTunesSearchTests;
				PRODUCT_NAME = "$(TARGET_NAME)";
				SWIFT_VERSION = 5.0;
				TARGETED_DEVICE_FAMILY = "1,2";
				TEST_HOST = "$(BUILT_PRODUCTS_DIR)/iTunesSearch.app/iTunesSearch";
			};
			name = Debug;
		};
		AAFF3A1825C14A19008893B6 /* Release */ = {
			isa = XCBuildConfiguration;
			buildSettings = {
				ALWAYS_EMBED_SWIFT_STANDARD_LIBRARIES = YES;
				BUNDLE_LOADER = "$(TEST_HOST)";
				CODE_SIGN_STYLE = Automatic;
				DEVELOPMENT_TEAM = Z46PAR97LP;
				INFOPLIST_FILE = iTunesSearchTests/Info.plist;
				IPHONEOS_DEPLOYMENT_TARGET = 14.2;
				LD_RUNPATH_SEARCH_PATHS = (
					"$(inherited)",
					"@executable_path/Frameworks",
					"@loader_path/Frameworks",
				);
				PRODUCT_BUNDLE_IDENTIFIER = com.nagarro.iTunesSearchTests;
				PRODUCT_NAME = "$(TARGET_NAME)";
				SWIFT_VERSION = 5.0;
				TARGETED_DEVICE_FAMILY = "1,2";
				TEST_HOST = "$(BUILT_PRODUCTS_DIR)/iTunesSearch.app/iTunesSearch";
			};
			name = Release;
		};
		AAFF3A1A25C14A19008893B6 /* Debug */ = {
			isa = XCBuildConfiguration;
			buildSettings = {
				ALWAYS_EMBED_SWIFT_STANDARD_LIBRARIES = YES;
				CODE_SIGN_STYLE = Automatic;
				DEVELOPMENT_TEAM = Z46PAR97LP;
				INFOPLIST_FILE = iTunesSearchUITests/Info.plist;
				LD_RUNPATH_SEARCH_PATHS = (
					"$(inherited)",
					"@executable_path/Frameworks",
					"@loader_path/Frameworks",
				);
				PRODUCT_BUNDLE_IDENTIFIER = com.nagarro.iTunesSearchUITests;
				PRODUCT_NAME = "$(TARGET_NAME)";
				SWIFT_VERSION = 5.0;
				TARGETED_DEVICE_FAMILY = "1,2";
				TEST_TARGET_NAME = iTunesSearch;
			};
			name = Debug;
		};
		AAFF3A1B25C14A19008893B6 /* Release */ = {
			isa = XCBuildConfiguration;
			buildSettings = {
				ALWAYS_EMBED_SWIFT_STANDARD_LIBRARIES = YES;
				CODE_SIGN_STYLE = Automatic;
				DEVELOPMENT_TEAM = Z46PAR97LP;
				INFOPLIST_FILE = iTunesSearchUITests/Info.plist;
				LD_RUNPATH_SEARCH_PATHS = (
					"$(inherited)",
					"@executable_path/Frameworks",
					"@loader_path/Frameworks",
				);
				PRODUCT_BUNDLE_IDENTIFIER = com.nagarro.iTunesSearchUITests;
				PRODUCT_NAME = "$(TARGET_NAME)";
				SWIFT_VERSION = 5.0;
				TARGETED_DEVICE_FAMILY = "1,2";
				TEST_TARGET_NAME = iTunesSearch;
			};
			name = Release;
		};
/* End XCBuildConfiguration section */

/* Begin XCConfigurationList section */
		AAFF39E425C14A18008893B6 /* Build configuration list for PBXProject "iTunesSearch" */ = {
			isa = XCConfigurationList;
			buildConfigurations = (
				AAFF3A1125C14A19008893B6 /* Debug */,
				AAFF3A1225C14A19008893B6 /* Release */,
			);
			defaultConfigurationIsVisible = 0;
			defaultConfigurationName = Release;
		};
		AAFF3A1325C14A19008893B6 /* Build configuration list for PBXNativeTarget "iTunesSearch" */ = {
			isa = XCConfigurationList;
			buildConfigurations = (
				AAFF3A1425C14A19008893B6 /* Debug */,
				AAFF3A1525C14A19008893B6 /* Release */,
			);
			defaultConfigurationIsVisible = 0;
			defaultConfigurationName = Release;
		};
		AAFF3A1625C14A19008893B6 /* Build configuration list for PBXNativeTarget "iTunesSearchTests" */ = {
			isa = XCConfigurationList;
			buildConfigurations = (
				AAFF3A1725C14A19008893B6 /* Debug */,
				AAFF3A1825C14A19008893B6 /* Release */,
			);
			defaultConfigurationIsVisible = 0;
			defaultConfigurationName = Release;
		};
		AAFF3A1925C14A19008893B6 /* Build configuration list for PBXNativeTarget "iTunesSearchUITests" */ = {
			isa = XCConfigurationList;
			buildConfigurations = (
				AAFF3A1A25C14A19008893B6 /* Debug */,
				AAFF3A1B25C14A19008893B6 /* Release */,
			);
			defaultConfigurationIsVisible = 0;
			defaultConfigurationName = Release;
		};
/* End XCConfigurationList section */
	};
	rootObject = AAFF39E125C14A18008893B6 /* Project object */;
}
